// !$*UTF8*$!
{
	archiveVersion = 1;
	classes = {
	};
	objectVersion = 46;
	objects = {

/* Begin PBXBuildFile section */
		B2F987C61D1D75A2005D60C5 /* main.m in Sources */ = {isa = PBXBuildFile; fileRef = B2F987C51D1D75A2005D60C5 /* main.m */; };
		B2F987C91D1D75A2005D60C5 /* AppDelegate.m in Sources */ = {isa = PBXBuildFile; fileRef = B2F987C81D1D75A2005D60C5 /* AppDelegate.m */; };
		B2F987D11D1D75A2005D60C5 /* Assets.xcassets in Resources */ = {isa = PBXBuildFile; fileRef = B2F987D01D1D75A2005D60C5 /* Assets.xcassets */; };
		B2F987DE1D1D7714005D60C5 /* BaseViewController.m in Sources */ = {isa = PBXBuildFile; fileRef = B2F987DD1D1D7714005D60C5 /* BaseViewController.m */; };
		B2F987E21D1D7895005D60C5 /* Tooles.m in Sources */ = {isa = PBXBuildFile; fileRef = B2F987E11D1D7895005D60C5 /* Tooles.m */; };
		B2F987E91D1D78D1005D60C5 /* UIColor+IOSUtils.m in Sources */ = {isa = PBXBuildFile; fileRef = B2F987E41D1D78D1005D60C5 /* UIColor+IOSUtils.m */; };
		B2F987EA1D1D78D1005D60C5 /* UIImage+IOSUtils.m in Sources */ = {isa = PBXBuildFile; fileRef = B2F987E61D1D78D1005D60C5 /* UIImage+IOSUtils.m */; };
		B2F987EB1D1D78D1005D60C5 /* UIView+Utils.m in Sources */ = {isa = PBXBuildFile; fileRef = B2F987E81D1D78D1005D60C5 /* UIView+Utils.m */; };
		B2F987F21D1D7902005D60C5 /* CustomLabel.m in Sources */ = {isa = PBXBuildFile; fileRef = B2F987ED1D1D7902005D60C5 /* CustomLabel.m */; };
		B2F987F31D1D7902005D60C5 /* DJTextField.m in Sources */ = {isa = PBXBuildFile; fileRef = B2F987EF1D1D7902005D60C5 /* DJTextField.m */; };
		B2F987F41D1D7902005D60C5 /* EmptyView.m in Sources */ = {isa = PBXBuildFile; fileRef = B2F987F11D1D7902005D60C5 /* EmptyView.m */; };
		B2F987FD1D1D795C005D60C5 /* CustomTextView.m in Sources */ = {isa = PBXBuildFile; fileRef = B2F987FC1D1D795C005D60C5 /* CustomTextView.m */; };
		B2F988031D1D799E005D60C5 /* NSString+IOSUtils.m in Sources */ = {isa = PBXBuildFile; fileRef = B2F988021D1D799E005D60C5 /* NSString+IOSUtils.m */; };
		B2F9880E1D1F5E2E005D60C5 /* ToolesDemoViewController.m in Sources */ = {isa = PBXBuildFile; fileRef = B2F9880D1D1F5E2E005D60C5 /* ToolesDemoViewController.m */; };
		B2F988131D1F9A04005D60C5 /* AllShareView.m in Sources */ = {isa = PBXBuildFile; fileRef = B2F988121D1F9A04005D60C5 /* AllShareView.m */; };
		B2F988171D1F9A67005D60C5 /* AllShareViewController.m in Sources */ = {isa = PBXBuildFile; fileRef = B2F988161D1F9A67005D60C5 /* AllShareViewController.m */; };
		B2F9881B1D1F9C1A005D60C5 /* ProgressHUD.bundle in Resources */ = {isa = PBXBuildFile; fileRef = B2F988181D1F9C1A005D60C5 /* ProgressHUD.bundle */; };
		B2F9881C1D1F9C1A005D60C5 /* ProgressHUD.m in Sources */ = {isa = PBXBuildFile; fileRef = B2F9881A1D1F9C1A005D60C5 /* ProgressHUD.m */; };
		BCC44EAC3D6AD284E4C77FFE /* libPods-ZMWCustomView.a in Frameworks */ = {isa = PBXBuildFile; fileRef = F18190ED82448B20666E3725 /* libPods-ZMWCustomView.a */; };
		FF45326F1D26667E00B308DD /* MapKit.framework in Frameworks */ = {isa = PBXBuildFile; fileRef = FF45326E1D26667E00B308DD /* MapKit.framework */; };
		FF4532711D26668D00B308DD /* CoreLocation.framework in Frameworks */ = {isa = PBXBuildFile; fileRef = FF4532701D26668D00B308DD /* CoreLocation.framework */; };
		FF91B5911D3395EB00999AEC /* HomeCell.m in Sources */ = {isa = PBXBuildFile; fileRef = FF91B5901D3395EB00999AEC /* HomeCell.m */; };
		FF91B5941D33961E00999AEC /* TestCollectionViewController.m in Sources */ = {isa = PBXBuildFile; fileRef = FF91B5931D33961E00999AEC /* TestCollectionViewController.m */; };
		FF91B5971D33968500999AEC /* TestCollectionViewCell.m in Sources */ = {isa = PBXBuildFile; fileRef = FF91B5961D33968500999AEC /* TestCollectionViewCell.m */; };
		FF91B59B1D33A87C00999AEC /* XLPlainFlowLayout.m in Sources */ = {isa = PBXBuildFile; fileRef = FF91B59A1D33A87C00999AEC /* XLPlainFlowLayout.m */; };
		FFB6FE4E1D2F3F0300008868 /* BigImageBrowser.m in Sources */ = {isa = PBXBuildFile; fileRef = FFB6FE4D1D2F3F0300008868 /* BigImageBrowser.m */; };
		FFB6FE511D2F429F00008868 /* BigImageViewController.m in Sources */ = {isa = PBXBuildFile; fileRef = FFB6FE501D2F429F00008868 /* BigImageViewController.m */; };
		FFB6FE581D2FA33D00008868 /* RequestBaseManager.m in Sources */ = {isa = PBXBuildFile; fileRef = FFB6FE571D2FA33D00008868 /* RequestBaseManager.m */; };
		FFB6FE5C1D2FA6BE00008868 /* UserManager.m in Sources */ = {isa = PBXBuildFile; fileRef = FFB6FE5B1D2FA6BE00008868 /* UserManager.m */; };
		FFB6FE5F1D2FA6CF00008868 /* UserModel.m in Sources */ = {isa = PBXBuildFile; fileRef = FFB6FE5E1D2FA6CF00008868 /* UserModel.m */; };
		FFB6FE641D2FAC5D00008868 /* NSArray+CodeFragments.m in Sources */ = {isa = PBXBuildFile; fileRef = FFB6FE611D2FAC5D00008868 /* NSArray+CodeFragments.m */; };
		FFB6FE651D2FAC5D00008868 /* NSDictionary+CodeFragments.m in Sources */ = {isa = PBXBuildFile; fileRef = FFB6FE631D2FAC5D00008868 /* NSDictionary+CodeFragments.m */; };
		FFBB9FFC1D220FB200901871 /* HomeViewController.m in Sources */ = {isa = PBXBuildFile; fileRef = FFBB9FFB1D220FB200901871 /* HomeViewController.m */; };
		FFBB9FFF1D24AB6800901871 /* LabelButtonView.m in Sources */ = {isa = PBXBuildFile; fileRef = FFBB9FFE1D24AB6800901871 /* LabelButtonView.m */; };
		FFBBA0021D24B5EF00901871 /* LabelButtonViewController.m in Sources */ = {isa = PBXBuildFile; fileRef = FFBBA0011D24B5EF00901871 /* LabelButtonViewController.m */; };
		FFDAAB571D2C94FB00937B8F /* MyLabelViewController.m in Sources */ = {isa = PBXBuildFile; fileRef = FFDAAB561D2C94FB00937B8F /* MyLabelViewController.m */; };
		FFFFDDB61D2A725600EB259F /* EmptyViewController.m in Sources */ = {isa = PBXBuildFile; fileRef = FFFFDDB51D2A725600EB259F /* EmptyViewController.m */; };
		FFFFDDB91D2A7A8900EB259F /* MyTextViewViewController.m in Sources */ = {isa = PBXBuildFile; fileRef = FFFFDDB81D2A7A8900EB259F /* MyTextViewViewController.m */; };
/* End PBXBuildFile section */

/* Begin PBXCopyFilesBuildPhase section */
		B281DA091D28C6E40045E4C9 /* Embed Frameworks */ = {
			isa = PBXCopyFilesBuildPhase;
			buildActionMask = 2147483647;
			dstPath = "";
			dstSubfolderSpec = 10;
			files = (
			);
			name = "Embed Frameworks";
			runOnlyForDeploymentPostprocessing = 0;
		};
/* End PBXCopyFilesBuildPhase section */

/* Begin PBXFileReference section */
		6786BDE48FB0EC4EA4C4183A /* Pods-ZMWCustomView.release.xcconfig */ = {isa = PBXFileReference; includeInIndex = 1; lastKnownFileType = text.xcconfig; name = "Pods-ZMWCustomView.release.xcconfig"; path = "Pods/Target Support Files/Pods-ZMWCustomView/Pods-ZMWCustomView.release.xcconfig"; sourceTree = "<group>"; };
		A7A317D4FBA2CBD59C6F3E2B /* Pods-ZMWCustomView.debug.xcconfig */ = {isa = PBXFileReference; includeInIndex = 1; lastKnownFileType = text.xcconfig; name = "Pods-ZMWCustomView.debug.xcconfig"; path = "Pods/Target Support Files/Pods-ZMWCustomView/Pods-ZMWCustomView.debug.xcconfig"; sourceTree = "<group>"; };
		B2F987C11D1D75A2005D60C5 /* ZMWCustomView.app */ = {isa = PBXFileReference; explicitFileType = wrapper.application; includeInIndex = 0; path = ZMWCustomView.app; sourceTree = BUILT_PRODUCTS_DIR; };
		B2F987C51D1D75A2005D60C5 /* main.m */ = {isa = PBXFileReference; lastKnownFileType = sourcecode.c.objc; path = main.m; sourceTree = "<group>"; };
		B2F987C71D1D75A2005D60C5 /* AppDelegate.h */ = {isa = PBXFileReference; lastKnownFileType = sourcecode.c.h; path = AppDelegate.h; sourceTree = "<group>"; };
		B2F987C81D1D75A2005D60C5 /* AppDelegate.m */ = {isa = PBXFileReference; lastKnownFileType = sourcecode.c.objc; path = AppDelegate.m; sourceTree = "<group>"; };
		B2F987D01D1D75A2005D60C5 /* Assets.xcassets */ = {isa = PBXFileReference; lastKnownFileType = folder.assetcatalog; path = Assets.xcassets; sourceTree = "<group>"; };
		B2F987D51D1D75A2005D60C5 /* Info.plist */ = {isa = PBXFileReference; lastKnownFileType = text.plist.xml; path = Info.plist; sourceTree = "<group>"; };
		B2F987DC1D1D7714005D60C5 /* BaseViewController.h */ = {isa = PBXFileReference; fileEncoding = 4; lastKnownFileType = sourcecode.c.h; name = BaseViewController.h; path = CustomViews/BaseViewController.h; sourceTree = "<group>"; };
		B2F987DD1D1D7714005D60C5 /* BaseViewController.m */ = {isa = PBXFileReference; fileEncoding = 4; lastKnownFileType = sourcecode.c.objc; name = BaseViewController.m; path = CustomViews/BaseViewController.m; sourceTree = "<group>"; };
		B2F987E01D1D7895005D60C5 /* Tooles.h */ = {isa = PBXFileReference; fileEncoding = 4; lastKnownFileType = sourcecode.c.h; path = Tooles.h; sourceTree = "<group>"; };
		B2F987E11D1D7895005D60C5 /* Tooles.m */ = {isa = PBXFileReference; fileEncoding = 4; lastKnownFileType = sourcecode.c.objc; path = Tooles.m; sourceTree = "<group>"; };
		B2F987E31D1D78D1005D60C5 /* UIColor+IOSUtils.h */ = {isa = PBXFileReference; fileEncoding = 4; lastKnownFileType = sourcecode.c.h; path = "UIColor+IOSUtils.h"; sourceTree = "<group>"; };
		B2F987E41D1D78D1005D60C5 /* UIColor+IOSUtils.m */ = {isa = PBXFileReference; fileEncoding = 4; lastKnownFileType = sourcecode.c.objc; path = "UIColor+IOSUtils.m"; sourceTree = "<group>"; };
		B2F987E51D1D78D1005D60C5 /* UIImage+IOSUtils.h */ = {isa = PBXFileReference; fileEncoding = 4; lastKnownFileType = sourcecode.c.h; path = "UIImage+IOSUtils.h"; sourceTree = "<group>"; };
		B2F987E61D1D78D1005D60C5 /* UIImage+IOSUtils.m */ = {isa = PBXFileReference; fileEncoding = 4; lastKnownFileType = sourcecode.c.objc; path = "UIImage+IOSUtils.m"; sourceTree = "<group>"; };
		B2F987E71D1D78D1005D60C5 /* UIView+Utils.h */ = {isa = PBXFileReference; fileEncoding = 4; lastKnownFileType = sourcecode.c.h; path = "UIView+Utils.h"; sourceTree = "<group>"; };
		B2F987E81D1D78D1005D60C5 /* UIView+Utils.m */ = {isa = PBXFileReference; fileEncoding = 4; lastKnownFileType = sourcecode.c.objc; path = "UIView+Utils.m"; sourceTree = "<group>"; };
		B2F987EC1D1D7902005D60C5 /* CustomLabel.h */ = {isa = PBXFileReference; fileEncoding = 4; lastKnownFileType = sourcecode.c.h; name = CustomLabel.h; path = ../Utils/CustomLabel.h; sourceTree = "<group>"; };
		B2F987ED1D1D7902005D60C5 /* CustomLabel.m */ = {isa = PBXFileReference; fileEncoding = 4; lastKnownFileType = sourcecode.c.objc; name = CustomLabel.m; path = ../Utils/CustomLabel.m; sourceTree = "<group>"; };
		B2F987EE1D1D7902005D60C5 /* DJTextField.h */ = {isa = PBXFileReference; fileEncoding = 4; lastKnownFileType = sourcecode.c.h; name = DJTextField.h; path = ../Utils/DJTextField.h; sourceTree = "<group>"; };
		B2F987EF1D1D7902005D60C5 /* DJTextField.m */ = {isa = PBXFileReference; fileEncoding = 4; lastKnownFileType = sourcecode.c.objc; name = DJTextField.m; path = ../Utils/DJTextField.m; sourceTree = "<group>"; };
		B2F987F01D1D7902005D60C5 /* EmptyView.h */ = {isa = PBXFileReference; fileEncoding = 4; lastKnownFileType = sourcecode.c.h; name = EmptyView.h; path = ../Utils/EmptyView.h; sourceTree = "<group>"; };
		B2F987F11D1D7902005D60C5 /* EmptyView.m */ = {isa = PBXFileReference; fileEncoding = 4; lastKnownFileType = sourcecode.c.objc; name = EmptyView.m; path = ../Utils/EmptyView.m; sourceTree = "<group>"; };
		B2F987F51D1D7914005D60C5 /* IOSUtilsConfig.h */ = {isa = PBXFileReference; fileEncoding = 4; lastKnownFileType = sourcecode.c.h; path = IOSUtilsConfig.h; sourceTree = "<group>"; };
		B2F987FB1D1D795C005D60C5 /* CustomTextView.h */ = {isa = PBXFileReference; fileEncoding = 4; lastKnownFileType = sourcecode.c.h; name = CustomTextView.h; path = ../Utils/CustomTextView.h; sourceTree = "<group>"; };
		B2F987FC1D1D795C005D60C5 /* CustomTextView.m */ = {isa = PBXFileReference; fileEncoding = 4; lastKnownFileType = sourcecode.c.objc; name = CustomTextView.m; path = ../Utils/CustomTextView.m; sourceTree = "<group>"; };
		B2F988011D1D799E005D60C5 /* NSString+IOSUtils.h */ = {isa = PBXFileReference; fileEncoding = 4; lastKnownFileType = sourcecode.c.h; path = "NSString+IOSUtils.h"; sourceTree = "<group>"; };
		B2F988021D1D799E005D60C5 /* NSString+IOSUtils.m */ = {isa = PBXFileReference; fileEncoding = 4; lastKnownFileType = sourcecode.c.objc; path = "NSString+IOSUtils.m"; sourceTree = "<group>"; };
		B2F9880C1D1F5E2E005D60C5 /* ToolesDemoViewController.h */ = {isa = PBXFileReference; fileEncoding = 4; lastKnownFileType = sourcecode.c.h; name = ToolesDemoViewController.h; path = ../CustomViews/ToolesDemoViewController.h; sourceTree = "<group>"; };
		B2F9880D1D1F5E2E005D60C5 /* ToolesDemoViewController.m */ = {isa = PBXFileReference; fileEncoding = 4; lastKnownFileType = sourcecode.c.objc; name = ToolesDemoViewController.m; path = ../CustomViews/ToolesDemoViewController.m; sourceTree = "<group>"; };
		B2F988111D1F9A04005D60C5 /* AllShareView.h */ = {isa = PBXFileReference; fileEncoding = 4; lastKnownFileType = sourcecode.c.h; path = AllShareView.h; sourceTree = "<group>"; };
		B2F988121D1F9A04005D60C5 /* AllShareView.m */ = {isa = PBXFileReference; fileEncoding = 4; lastKnownFileType = sourcecode.c.objc; path = AllShareView.m; sourceTree = "<group>"; };
		B2F988151D1F9A67005D60C5 /* AllShareViewController.h */ = {isa = PBXFileReference; fileEncoding = 4; lastKnownFileType = sourcecode.c.h; path = AllShareViewController.h; sourceTree = "<group>"; };
		B2F988161D1F9A67005D60C5 /* AllShareViewController.m */ = {isa = PBXFileReference; fileEncoding = 4; lastKnownFileType = sourcecode.c.objc; path = AllShareViewController.m; sourceTree = "<group>"; };
		B2F988181D1F9C1A005D60C5 /* ProgressHUD.bundle */ = {isa = PBXFileReference; lastKnownFileType = "wrapper.plug-in"; path = ProgressHUD.bundle; sourceTree = "<group>"; };
		B2F988191D1F9C1A005D60C5 /* ProgressHUD.h */ = {isa = PBXFileReference; fileEncoding = 4; lastKnownFileType = sourcecode.c.h; path = ProgressHUD.h; sourceTree = "<group>"; };
		B2F9881A1D1F9C1A005D60C5 /* ProgressHUD.m */ = {isa = PBXFileReference; fileEncoding = 4; lastKnownFileType = sourcecode.c.objc; path = ProgressHUD.m; sourceTree = "<group>"; };
		F18190ED82448B20666E3725 /* libPods-ZMWCustomView.a */ = {isa = PBXFileReference; explicitFileType = archive.ar; includeInIndex = 0; path = "libPods-ZMWCustomView.a"; sourceTree = BUILT_PRODUCTS_DIR; };
		FF45326E1D26667E00B308DD /* MapKit.framework */ = {isa = PBXFileReference; lastKnownFileType = wrapper.framework; name = MapKit.framework; path = System/Library/Frameworks/MapKit.framework; sourceTree = SDKROOT; };
		FF4532701D26668D00B308DD /* CoreLocation.framework */ = {isa = PBXFileReference; lastKnownFileType = wrapper.framework; name = CoreLocation.framework; path = System/Library/Frameworks/CoreLocation.framework; sourceTree = SDKROOT; };
		FF91B58F1D3395EB00999AEC /* HomeCell.h */ = {isa = PBXFileReference; fileEncoding = 4; lastKnownFileType = sourcecode.c.h; path = HomeCell.h; sourceTree = "<group>"; };
		FF91B5901D3395EB00999AEC /* HomeCell.m */ = {isa = PBXFileReference; fileEncoding = 4; lastKnownFileType = sourcecode.c.objc; path = HomeCell.m; sourceTree = "<group>"; };
		FF91B5921D33961E00999AEC /* TestCollectionViewController.h */ = {isa = PBXFileReference; fileEncoding = 4; lastKnownFileType = sourcecode.c.h; path = TestCollectionViewController.h; sourceTree = "<group>"; };
		FF91B5931D33961E00999AEC /* TestCollectionViewController.m */ = {isa = PBXFileReference; fileEncoding = 4; lastKnownFileType = sourcecode.c.objc; path = TestCollectionViewController.m; sourceTree = "<group>"; };
		FF91B5951D33968500999AEC /* TestCollectionViewCell.h */ = {isa = PBXFileReference; fileEncoding = 4; lastKnownFileType = sourcecode.c.h; path = TestCollectionViewCell.h; sourceTree = "<group>"; };
		FF91B5961D33968500999AEC /* TestCollectionViewCell.m */ = {isa = PBXFileReference; fileEncoding = 4; lastKnownFileType = sourcecode.c.objc; path = TestCollectionViewCell.m; sourceTree = "<group>"; };
		FF91B5991D33A87C00999AEC /* XLPlainFlowLayout.h */ = {isa = PBXFileReference; fileEncoding = 4; lastKnownFileType = sourcecode.c.h; path = XLPlainFlowLayout.h; sourceTree = "<group>"; };
		FF91B59A1D33A87C00999AEC /* XLPlainFlowLayout.m */ = {isa = PBXFileReference; fileEncoding = 4; lastKnownFileType = sourcecode.c.objc; path = XLPlainFlowLayout.m; sourceTree = "<group>"; };
		FFB6FE4C1D2F3F0300008868 /* BigImageBrowser.h */ = {isa = PBXFileReference; fileEncoding = 4; lastKnownFileType = sourcecode.c.h; path = BigImageBrowser.h; sourceTree = "<group>"; };
		FFB6FE4D1D2F3F0300008868 /* BigImageBrowser.m */ = {isa = PBXFileReference; fileEncoding = 4; lastKnownFileType = sourcecode.c.objc; path = BigImageBrowser.m; sourceTree = "<group>"; };
		FFB6FE4F1D2F429F00008868 /* BigImageViewController.h */ = {isa = PBXFileReference; fileEncoding = 4; lastKnownFileType = sourcecode.c.h; path = BigImageViewController.h; sourceTree = "<group>"; };
		FFB6FE501D2F429F00008868 /* BigImageViewController.m */ = {isa = PBXFileReference; fileEncoding = 4; lastKnownFileType = sourcecode.c.objc; path = BigImageViewController.m; sourceTree = "<group>"; };
		FFB6FE561D2FA33D00008868 /* RequestBaseManager.h */ = {isa = PBXFileReference; fileEncoding = 4; lastKnownFileType = sourcecode.c.h; path = RequestBaseManager.h; sourceTree = "<group>"; };
		FFB6FE571D2FA33D00008868 /* RequestBaseManager.m */ = {isa = PBXFileReference; fileEncoding = 4; lastKnownFileType = sourcecode.c.objc; path = RequestBaseManager.m; sourceTree = "<group>"; };
		FFB6FE5A1D2FA6BE00008868 /* UserManager.h */ = {isa = PBXFileReference; fileEncoding = 4; lastKnownFileType = sourcecode.c.h; path = UserManager.h; sourceTree = "<group>"; };
		FFB6FE5B1D2FA6BE00008868 /* UserManager.m */ = {isa = PBXFileReference; fileEncoding = 4; lastKnownFileType = sourcecode.c.objc; path = UserManager.m; sourceTree = "<group>"; };
		FFB6FE5D1D2FA6CF00008868 /* UserModel.h */ = {isa = PBXFileReference; fileEncoding = 4; lastKnownFileType = sourcecode.c.h; path = UserModel.h; sourceTree = "<group>"; };
		FFB6FE5E1D2FA6CF00008868 /* UserModel.m */ = {isa = PBXFileReference; fileEncoding = 4; lastKnownFileType = sourcecode.c.objc; path = UserModel.m; sourceTree = "<group>"; };
		FFB6FE601D2FAC5D00008868 /* NSArray+CodeFragments.h */ = {isa = PBXFileReference; fileEncoding = 4; lastKnownFileType = sourcecode.c.h; path = "NSArray+CodeFragments.h"; sourceTree = "<group>"; };
		FFB6FE611D2FAC5D00008868 /* NSArray+CodeFragments.m */ = {isa = PBXFileReference; fileEncoding = 4; lastKnownFileType = sourcecode.c.objc; path = "NSArray+CodeFragments.m"; sourceTree = "<group>"; };
		FFB6FE621D2FAC5D00008868 /* NSDictionary+CodeFragments.h */ = {isa = PBXFileReference; fileEncoding = 4; lastKnownFileType = sourcecode.c.h; path = "NSDictionary+CodeFragments.h"; sourceTree = "<group>"; };
		FFB6FE631D2FAC5D00008868 /* NSDictionary+CodeFragments.m */ = {isa = PBXFileReference; fileEncoding = 4; lastKnownFileType = sourcecode.c.objc; path = "NSDictionary+CodeFragments.m"; sourceTree = "<group>"; };
		FFBB9FFA1D220FB200901871 /* HomeViewController.h */ = {isa = PBXFileReference; fileEncoding = 4; lastKnownFileType = sourcecode.c.h; path = HomeViewController.h; sourceTree = "<group>"; };
		FFBB9FFB1D220FB200901871 /* HomeViewController.m */ = {isa = PBXFileReference; fileEncoding = 4; lastKnownFileType = sourcecode.c.objc; path = HomeViewController.m; sourceTree = "<group>"; };
		FFBB9FFD1D24AB6800901871 /* LabelButtonView.h */ = {isa = PBXFileReference; fileEncoding = 4; lastKnownFileType = sourcecode.c.h; path = LabelButtonView.h; sourceTree = "<group>"; };
		FFBB9FFE1D24AB6800901871 /* LabelButtonView.m */ = {isa = PBXFileReference; fileEncoding = 4; lastKnownFileType = sourcecode.c.objc; path = LabelButtonView.m; sourceTree = "<group>"; };
		FFBBA0001D24B5EF00901871 /* LabelButtonViewController.h */ = {isa = PBXFileReference; fileEncoding = 4; lastKnownFileType = sourcecode.c.h; path = LabelButtonViewController.h; sourceTree = "<group>"; };
		FFBBA0011D24B5EF00901871 /* LabelButtonViewController.m */ = {isa = PBXFileReference; fileEncoding = 4; lastKnownFileType = sourcecode.c.objc; path = LabelButtonViewController.m; sourceTree = "<group>"; };
		FFDAAB551D2C94FB00937B8F /* MyLabelViewController.h */ = {isa = PBXFileReference; fileEncoding = 4; lastKnownFileType = sourcecode.c.h; path = MyLabelViewController.h; sourceTree = "<group>"; };
		FFDAAB561D2C94FB00937B8F /* MyLabelViewController.m */ = {isa = PBXFileReference; fileEncoding = 4; lastKnownFileType = sourcecode.c.objc; path = MyLabelViewController.m; sourceTree = "<group>"; };
		FFFFDDB41D2A725600EB259F /* EmptyViewController.h */ = {isa = PBXFileReference; fileEncoding = 4; lastKnownFileType = sourcecode.c.h; path = EmptyViewController.h; sourceTree = "<group>"; };
		FFFFDDB51D2A725600EB259F /* EmptyViewController.m */ = {isa = PBXFileReference; fileEncoding = 4; lastKnownFileType = sourcecode.c.objc; path = EmptyViewController.m; sourceTree = "<group>"; };
		FFFFDDB71D2A7A8900EB259F /* MyTextViewViewController.h */ = {isa = PBXFileReference; fileEncoding = 4; lastKnownFileType = sourcecode.c.h; path = MyTextViewViewController.h; sourceTree = "<group>"; };
		FFFFDDB81D2A7A8900EB259F /* MyTextViewViewController.m */ = {isa = PBXFileReference; fileEncoding = 4; lastKnownFileType = sourcecode.c.objc; path = MyTextViewViewController.m; sourceTree = "<group>"; };
/* End PBXFileReference section */

/* Begin PBXFrameworksBuildPhase section */
		B2F987BE1D1D75A2005D60C5 /* Frameworks */ = {
			isa = PBXFrameworksBuildPhase;
			buildActionMask = 2147483647;
			files = (
				FF4532711D26668D00B308DD /* CoreLocation.framework in Frameworks */,
				FF45326F1D26667E00B308DD /* MapKit.framework in Frameworks */,
				BCC44EAC3D6AD284E4C77FFE /* libPods-ZMWCustomView.a in Frameworks */,
			);
			runOnlyForDeploymentPostprocessing = 0;
		};
/* End PBXFrameworksBuildPhase section */

/* Begin PBXGroup section */
		1E17C5562343401DC7FD5955 /* Frameworks */ = {
			isa = PBXGroup;
			children = (
				FF4532701D26668D00B308DD /* CoreLocation.framework */,
				FF45326E1D26667E00B308DD /* MapKit.framework */,
				F18190ED82448B20666E3725 /* libPods-ZMWCustomView.a */,
			);
			name = Frameworks;
			sourceTree = "<group>";
		};
		B2F987B81D1D75A2005D60C5 = {
			isa = PBXGroup;
			children = (
				B2F987C31D1D75A2005D60C5 /* ZMWCustomView */,
				B2F987C21D1D75A2005D60C5 /* Products */,
				1E17C5562343401DC7FD5955 /* Frameworks */,
				BD1098041BBFB54685228E3A /* Pods */,
			);
			sourceTree = "<group>";
		};
		B2F987C21D1D75A2005D60C5 /* Products */ = {
			isa = PBXGroup;
			children = (
				B2F987C11D1D75A2005D60C5 /* ZMWCustomView.app */,
			);
			name = Products;
			sourceTree = "<group>";
		};
		B2F987C31D1D75A2005D60C5 /* ZMWCustomView */ = {
			isa = PBXGroup;
			children = (
				B2F987C71D1D75A2005D60C5 /* AppDelegate.h */,
				B2F987C81D1D75A2005D60C5 /* AppDelegate.m */,
				B2F987DC1D1D7714005D60C5 /* BaseViewController.h */,
				B2F987DD1D1D7714005D60C5 /* BaseViewController.m */,
				FFBB9FFA1D220FB200901871 /* HomeViewController.h */,
				FFBB9FFB1D220FB200901871 /* HomeViewController.m */,
				FF91B58E1D3395EB00999AEC /* Cells */,
				FFB6FE591D2FA6AA00008868 /* User */,
				B2F988141D1F9A39005D60C5 /* CustomViewController */,
				B2F987DB1D1D764C005D60C5 /* CustomViews */,
				B2F987DF1D1D786C005D60C5 /* Utils */,
				FFB6FE551D2FA32500008868 /* RequestSDK */,
				B2F987C41D1D75A2005D60C5 /* Supporting Files */,
			);
			path = ZMWCustomView;
			sourceTree = "<group>";
		};
		B2F987C41D1D75A2005D60C5 /* Supporting Files */ = {
			isa = PBXGroup;
			children = (
				B2F987C51D1D75A2005D60C5 /* main.m */,
				B2F987D51D1D75A2005D60C5 /* Info.plist */,
				B2F987D01D1D75A2005D60C5 /* Assets.xcassets */,
			);
			name = "Supporting Files";
			sourceTree = "<group>";
		};
		B2F987DB1D1D764C005D60C5 /* CustomViews */ = {
			isa = PBXGroup;
			children = (
				B2F988181D1F9C1A005D60C5 /* ProgressHUD.bundle */,
				B2F988191D1F9C1A005D60C5 /* ProgressHUD.h */,
				B2F9881A1D1F9C1A005D60C5 /* ProgressHUD.m */,
				B2F987FB1D1D795C005D60C5 /* CustomTextView.h */,
				B2F987FC1D1D795C005D60C5 /* CustomTextView.m */,
				B2F987EC1D1D7902005D60C5 /* CustomLabel.h */,
				B2F987ED1D1D7902005D60C5 /* CustomLabel.m */,
				B2F987EE1D1D7902005D60C5 /* DJTextField.h */,
				B2F987EF1D1D7902005D60C5 /* DJTextField.m */,
				B2F987F01D1D7902005D60C5 /* EmptyView.h */,
				B2F987F11D1D7902005D60C5 /* EmptyView.m */,
				B2F988111D1F9A04005D60C5 /* AllShareView.h */,
				B2F988121D1F9A04005D60C5 /* AllShareView.m */,
				FFBB9FFD1D24AB6800901871 /* LabelButtonView.h */,
				FFBB9FFE1D24AB6800901871 /* LabelButtonView.m */,
			);
			path = CustomViews;
			sourceTree = "<group>";
		};
		B2F987DF1D1D786C005D60C5 /* Utils */ = {
			isa = PBXGroup;
			children = (
				B2F987F51D1D7914005D60C5 /* IOSUtilsConfig.h */,
				B2F987E01D1D7895005D60C5 /* Tooles.h */,
				B2F987E11D1D7895005D60C5 /* Tooles.m */,
				B2F987E31D1D78D1005D60C5 /* UIColor+IOSUtils.h */,
				B2F987E41D1D78D1005D60C5 /* UIColor+IOSUtils.m */,
				B2F987E51D1D78D1005D60C5 /* UIImage+IOSUtils.h */,
				B2F987E61D1D78D1005D60C5 /* UIImage+IOSUtils.m */,
				B2F987E71D1D78D1005D60C5 /* UIView+Utils.h */,
				B2F987E81D1D78D1005D60C5 /* UIView+Utils.m */,
				B2F988011D1D799E005D60C5 /* NSString+IOSUtils.h */,
				B2F988021D1D799E005D60C5 /* NSString+IOSUtils.m */,
				FFB6FE4C1D2F3F0300008868 /* BigImageBrowser.h */,
				FFB6FE4D1D2F3F0300008868 /* BigImageBrowser.m */,
			);
			path = Utils;
			sourceTree = "<group>";
		};
		B2F988141D1F9A39005D60C5 /* CustomViewController */ = {
			isa = PBXGroup;
			children = (
				B2F9880C1D1F5E2E005D60C5 /* ToolesDemoViewController.h */,
				B2F9880D1D1F5E2E005D60C5 /* ToolesDemoViewController.m */,
				B2F988151D1F9A67005D60C5 /* AllShareViewController.h */,
				B2F988161D1F9A67005D60C5 /* AllShareViewController.m */,
				FFBBA0001D24B5EF00901871 /* LabelButtonViewController.h */,
				FFBBA0011D24B5EF00901871 /* LabelButtonViewController.m */,
				FFFFDDB41D2A725600EB259F /* EmptyViewController.h */,
				FFFFDDB51D2A725600EB259F /* EmptyViewController.m */,
				FFFFDDB71D2A7A8900EB259F /* MyTextViewViewController.h */,
				FFFFDDB81D2A7A8900EB259F /* MyTextViewViewController.m */,
				FFDAAB551D2C94FB00937B8F /* MyLabelViewController.h */,
				FFDAAB561D2C94FB00937B8F /* MyLabelViewController.m */,
				FFB6FE4F1D2F429F00008868 /* BigImageViewController.h */,
				FFB6FE501D2F429F00008868 /* BigImageViewController.m */,
				FF91B5921D33961E00999AEC /* TestCollectionViewController.h */,
				FF91B5931D33961E00999AEC /* TestCollectionViewController.m */,
			);
			path = CustomViewController;
			sourceTree = "<group>";
		};
		BD1098041BBFB54685228E3A /* Pods */ = {
			isa = PBXGroup;
			children = (
				A7A317D4FBA2CBD59C6F3E2B /* Pods-ZMWCustomView.debug.xcconfig */,
				6786BDE48FB0EC4EA4C4183A /* Pods-ZMWCustomView.release.xcconfig */,
			);
			name = Pods;
			sourceTree = "<group>";
		};
		FF91B58E1D3395EB00999AEC /* Cells */ = {
			isa = PBXGroup;
			children = (
				FF91B58F1D3395EB00999AEC /* HomeCell.h */,
				FF91B5901D3395EB00999AEC /* HomeCell.m */,
				FF91B5951D33968500999AEC /* TestCollectionViewCell.h */,
				FF91B5961D33968500999AEC /* TestCollectionViewCell.m */,
				FF91B5981D33A87C00999AEC /* XLPlainFlowLayout */,
			);
			path = Cells;
			sourceTree = "<group>";
		};
		FF91B5981D33A87C00999AEC /* XLPlainFlowLayout */ = {
			isa = PBXGroup;
			children = (
				FF91B5991D33A87C00999AEC /* XLPlainFlowLayout.h */,
				FF91B59A1D33A87C00999AEC /* XLPlainFlowLayout.m */,
			);
			path = XLPlainFlowLayout;
			sourceTree = "<group>";
		};
		FFB6FE551D2FA32500008868 /* RequestSDK */ = {
			isa = PBXGroup;
			children = (
				FFB6FE561D2FA33D00008868 /* RequestBaseManager.h */,
				FFB6FE571D2FA33D00008868 /* RequestBaseManager.m */,
				FFB6FE601D2FAC5D00008868 /* NSArray+CodeFragments.h */,
				FFB6FE611D2FAC5D00008868 /* NSArray+CodeFragments.m */,
				FFB6FE621D2FAC5D00008868 /* NSDictionary+CodeFragments.h */,
				FFB6FE631D2FAC5D00008868 /* NSDictionary+CodeFragments.m */,
			);
			path = RequestSDK;
			sourceTree = "<group>";
		};
		FFB6FE591D2FA6AA00008868 /* User */ = {
			isa = PBXGroup;
			children = (
				FFB6FE5A1D2FA6BE00008868 /* UserManager.h */,
				FFB6FE5B1D2FA6BE00008868 /* UserManager.m */,
				FFB6FE5D1D2FA6CF00008868 /* UserModel.h */,
				FFB6FE5E1D2FA6CF00008868 /* UserModel.m */,
			);
			path = User;
			sourceTree = "<group>";
		};
/* End PBXGroup section */

/* Begin PBXNativeTarget section */
		B2F987C01D1D75A2005D60C5 /* ZMWCustomView */ = {
			isa = PBXNativeTarget;
			buildConfigurationList = B2F987D81D1D75A3005D60C5 /* Build configuration list for PBXNativeTarget "ZMWCustomView" */;
			buildPhases = (
				9B359EC19F4A682D0EFC00B0 /* [CP] Check Pods Manifest.lock */,
				B2F987BD1D1D75A2005D60C5 /* Sources */,
				B2F987BE1D1D75A2005D60C5 /* Frameworks */,
				B2F987BF1D1D75A2005D60C5 /* Resources */,
				B281DA091D28C6E40045E4C9 /* Embed Frameworks */,
				BAEC17C0552A62526968376F /* [CP] Embed Pods Frameworks */,
				807EE6281683C070FBA08ED8 /* [CP] Copy Pods Resources */,
			);
			buildRules = (
			);
			dependencies = (
			);
			name = ZMWCustomView;
			productName = ZMWCustomView;
			productReference = B2F987C11D1D75A2005D60C5 /* ZMWCustomView.app */;
			productType = "com.apple.product-type.application";
		};
/* End PBXNativeTarget section */

/* Begin PBXProject section */
		B2F987B91D1D75A2005D60C5 /* Project object */ = {
			isa = PBXProject;
			attributes = {
				LastUpgradeCheck = 0730;
				ORGANIZATIONNAME = shandandan;
				TargetAttributes = {
					B2F987C01D1D75A2005D60C5 = {
						CreatedOnToolsVersion = 7.3;
						DevelopmentTeam = ZSJKLZ2359;
					};
				};
			};
			buildConfigurationList = B2F987BC1D1D75A2005D60C5 /* Build configuration list for PBXProject "ZMWCustomView" */;
			compatibilityVersion = "Xcode 3.2";
			developmentRegion = English;
			hasScannedForEncodings = 0;
			knownRegions = (
				en,
				Base,
			);
			mainGroup = B2F987B81D1D75A2005D60C5;
			productRefGroup = B2F987C21D1D75A2005D60C5 /* Products */;
			projectDirPath = "";
			projectRoot = "";
			targets = (
				B2F987C01D1D75A2005D60C5 /* ZMWCustomView */,
			);
		};
/* End PBXProject section */

/* Begin PBXResourcesBuildPhase section */
		B2F987BF1D1D75A2005D60C5 /* Resources */ = {
			isa = PBXResourcesBuildPhase;
			buildActionMask = 2147483647;
			files = (
				B2F9881B1D1F9C1A005D60C5 /* ProgressHUD.bundle in Resources */,
				B2F987D11D1D75A2005D60C5 /* Assets.xcassets in Resources */,
			);
			runOnlyForDeploymentPostprocessing = 0;
		};
/* End PBXResourcesBuildPhase section */

/* Begin PBXShellScriptBuildPhase section */
		807EE6281683C070FBA08ED8 /* [CP] Copy Pods Resources */ = {
			isa = PBXShellScriptBuildPhase;
			buildActionMask = 2147483647;
			files = (
			);
			inputPaths = (
			);
			name = "[CP] Copy Pods Resources";
			outputPaths = (
			);
			runOnlyForDeploymentPostprocessing = 0;
			shellPath = /bin/sh;
			shellScript = "\"${SRCROOT}/Pods/Target Support Files/Pods-ZMWCustomView/Pods-ZMWCustomView-resources.sh\"\n";
			showEnvVarsInLog = 0;
		};
		9B359EC19F4A682D0EFC00B0 /* [CP] Check Pods Manifest.lock */ = {
			isa = PBXShellScriptBuildPhase;
			buildActionMask = 2147483647;
			files = (
			);
			inputPaths = (
			);
			name = "[CP] Check Pods Manifest.lock";
			outputPaths = (
			);
			runOnlyForDeploymentPostprocessing = 0;
			shellPath = /bin/sh;
			shellScript = "diff \"${PODS_ROOT}/../Podfile.lock\" \"${PODS_ROOT}/Manifest.lock\" > /dev/null\nif [[ $? != 0 ]] ; then\n    cat << EOM\nerror: The sandbox is not in sync with the Podfile.lock. Run 'pod install' or update your CocoaPods installation.\nEOM\n    exit 1\nfi\n";
			showEnvVarsInLog = 0;
		};
		BAEC17C0552A62526968376F /* [CP] Embed Pods Frameworks */ = {
			isa = PBXShellScriptBuildPhase;
			buildActionMask = 2147483647;
			files = (
			);
			inputPaths = (
			);
			name = "[CP] Embed Pods Frameworks";
			outputPaths = (
			);
			runOnlyForDeploymentPostprocessing = 0;
			shellPath = /bin/sh;
			shellScript = "\"${SRCROOT}/Pods/Target Support Files/Pods-ZMWCustomView/Pods-ZMWCustomView-frameworks.sh\"\n";
			showEnvVarsInLog = 0;
		};
/* End PBXShellScriptBuildPhase section */

/* Begin PBXSourcesBuildPhase section */
		B2F987BD1D1D75A2005D60C5 /* Sources */ = {
			isa = PBXSourcesBuildPhase;
			buildActionMask = 2147483647;
			files = (
				B2F9881C1D1F9C1A005D60C5 /* ProgressHUD.m in Sources */,
				B2F988131D1F9A04005D60C5 /* AllShareView.m in Sources */,
				FFB6FE5F1D2FA6CF00008868 /* UserModel.m in Sources */,
				B2F987F31D1D7902005D60C5 /* DJTextField.m in Sources */,
				B2F987C91D1D75A2005D60C5 /* AppDelegate.m in Sources */,
				FFFFDDB61D2A725600EB259F /* EmptyViewController.m in Sources */,
				B2F987EB1D1D78D1005D60C5 /* UIView+Utils.m in Sources */,
				FF91B59B1D33A87C00999AEC /* XLPlainFlowLayout.m in Sources */,
				FFB6FE581D2FA33D00008868 /* RequestBaseManager.m in Sources */,
				FFBB9FFC1D220FB200901871 /* HomeViewController.m in Sources */,
				FF91B5941D33961E00999AEC /* TestCollectionViewController.m in Sources */,
				FFBB9FFF1D24AB6800901871 /* LabelButtonView.m in Sources */,
				B2F987F21D1D7902005D60C5 /* CustomLabel.m in Sources */,
				FFB6FE5C1D2FA6BE00008868 /* UserManager.m in Sources */,
				FF91B5911D3395EB00999AEC /* HomeCell.m in Sources */,
				B2F987F41D1D7902005D60C5 /* EmptyView.m in Sources */,
				B2F987EA1D1D78D1005D60C5 /* UIImage+IOSUtils.m in Sources */,
				FFB6FE651D2FAC5D00008868 /* NSDictionary+CodeFragments.m in Sources */,
				FFB6FE511D2F429F00008868 /* BigImageViewController.m in Sources */,
				B2F987E21D1D7895005D60C5 /* Tooles.m in Sources */,
				FFB6FE4E1D2F3F0300008868 /* BigImageBrowser.m in Sources */,
				B2F987FD1D1D795C005D60C5 /* CustomTextView.m in Sources */,
				B2F987E91D1D78D1005D60C5 /* UIColor+IOSUtils.m in Sources */,
				FFDAAB571D2C94FB00937B8F /* MyLabelViewController.m in Sources */,
				B2F987DE1D1D7714005D60C5 /* BaseViewController.m in Sources */,
				FFB6FE641D2FAC5D00008868 /* NSArray+CodeFragments.m in Sources */,
				FFFFDDB91D2A7A8900EB259F /* MyTextViewViewController.m in Sources */,
				FF91B5971D33968500999AEC /* TestCollectionViewCell.m in Sources */,
				B2F987C61D1D75A2005D60C5 /* main.m in Sources */,
				B2F988171D1F9A67005D60C5 /* AllShareViewController.m in Sources */,
				FFBBA0021D24B5EF00901871 /* LabelButtonViewController.m in Sources */,
				B2F988031D1D799E005D60C5 /* NSString+IOSUtils.m in Sources */,
				B2F9880E1D1F5E2E005D60C5 /* ToolesDemoViewController.m in Sources */,
			);
			runOnlyForDeploymentPostprocessing = 0;
		};
/* End PBXSourcesBuildPhase section */

/* Begin XCBuildConfiguration section */
		B2F987D61D1D75A2005D60C5 /* Debug */ = {
			isa = XCBuildConfiguration;
			buildSettings = {
				ALWAYS_SEARCH_USER_PATHS = NO;
				CLANG_ANALYZER_NONNULL = YES;
				CLANG_CXX_LANGUAGE_STANDARD = "gnu++0x";
				CLANG_CXX_LIBRARY = "libc++";
				CLANG_ENABLE_MODULES = YES;
				CLANG_ENABLE_OBJC_ARC = YES;
				CLANG_WARN_BOOL_CONVERSION = YES;
				CLANG_WARN_CONSTANT_CONVERSION = YES;
				CLANG_WARN_DIRECT_OBJC_ISA_USAGE = YES_ERROR;
				CLANG_WARN_EMPTY_BODY = YES;
				CLANG_WARN_ENUM_CONVERSION = YES;
				CLANG_WARN_INT_CONVERSION = YES;
				CLANG_WARN_OBJC_ROOT_CLASS = YES_ERROR;
				CLANG_WARN_UNREACHABLE_CODE = YES;
				CLANG_WARN__DUPLICATE_METHOD_MATCH = YES;
				"CODE_SIGN_IDENTITY[sdk=iphoneos*]" = "iPhone Developer";
				COPY_PHASE_STRIP = NO;
				DEBUG_INFORMATION_FORMAT = dwarf;
				ENABLE_STRICT_OBJC_MSGSEND = YES;
				ENABLE_TESTABILITY = YES;
				GCC_C_LANGUAGE_STANDARD = gnu99;
				GCC_DYNAMIC_NO_PIC = NO;
				GCC_NO_COMMON_BLOCKS = YES;
				GCC_OPTIMIZATION_LEVEL = 0;
				GCC_PREPROCESSOR_DEFINITIONS = (
					"DEBUG=1",
					"$(inherited)",
				);
				GCC_WARN_64_TO_32_BIT_CONVERSION = YES;
				GCC_WARN_ABOUT_RETURN_TYPE = YES_ERROR;
				GCC_WARN_UNDECLARED_SELECTOR = YES;
				GCC_WARN_UNINITIALIZED_AUTOS = YES_AGGRESSIVE;
				GCC_WARN_UNUSED_FUNCTION = YES;
				GCC_WARN_UNUSED_VARIABLE = YES;
				IPHONEOS_DEPLOYMENT_TARGET = 7.0;
				MTL_ENABLE_DEBUG_INFO = YES;
				ONLY_ACTIVE_ARCH = YES;
				SDKROOT = iphoneos;
			};
			name = Debug;
		};
		B2F987D71D1D75A2005D60C5 /* Release */ = {
			isa = XCBuildConfiguration;
			buildSettings = {
				ALWAYS_SEARCH_USER_PATHS = NO;
				CLANG_ANALYZER_NONNULL = YES;
				CLANG_CXX_LANGUAGE_STANDARD = "gnu++0x";
				CLANG_CXX_LIBRARY = "libc++";
				CLANG_ENABLE_MODULES = YES;
				CLANG_ENABLE_OBJC_ARC = YES;
				CLANG_WARN_BOOL_CONVERSION = YES;
				CLANG_WARN_CONSTANT_CONVERSION = YES;
				CLANG_WARN_DIRECT_OBJC_ISA_USAGE = YES_ERROR;
				CLANG_WARN_EMPTY_BODY = YES;
				CLANG_WARN_ENUM_CONVERSION = YES;
				CLANG_WARN_INT_CONVERSION = YES;
				CLANG_WARN_OBJC_ROOT_CLASS = YES_ERROR;
				CLANG_WARN_UNREACHABLE_CODE = YES;
				CLANG_WARN__DUPLICATE_METHOD_MATCH = YES;
				"CODE_SIGN_IDENTITY[sdk=iphoneos*]" = "iPhone Developer";
				COPY_PHASE_STRIP = NO;
				DEBUG_INFORMATION_FORMAT = "dwarf-with-dsym";
				ENABLE_NS_ASSERTIONS = NO;
				ENABLE_STRICT_OBJC_MSGSEND = YES;
				GCC_C_LANGUAGE_STANDARD = gnu99;
				GCC_NO_COMMON_BLOCKS = YES;
				GCC_WARN_64_TO_32_BIT_CONVERSION = YES;
				GCC_WARN_ABOUT_RETURN_TYPE = YES_ERROR;
				GCC_WARN_UNDECLARED_SELECTOR = YES;
				GCC_WARN_UNINITIALIZED_AUTOS = YES_AGGRESSIVE;
				GCC_WARN_UNUSED_FUNCTION = YES;
				GCC_WARN_UNUSED_VARIABLE = YES;
				IPHONEOS_DEPLOYMENT_TARGET = 7.0;
				MTL_ENABLE_DEBUG_INFO = NO;
				SDKROOT = iphoneos;
				VALIDATE_PRODUCT = YES;
			};
			name = Release;
		};
		B2F987D91D1D75A3005D60C5 /* Debug */ = {
			isa = XCBuildConfiguration;
			baseConfigurationReference = A7A317D4FBA2CBD59C6F3E2B /* Pods-ZMWCustomView.debug.xcconfig */;
			buildSettings = {
				ASSETCATALOG_COMPILER_APPICON_NAME = AppIcon;
				ASSETCATALOG_COMPILER_LAUNCHIMAGE_NAME = LaunchImage;
				CODE_SIGN_IDENTITY = "iPhone Developer";
				"CODE_SIGN_IDENTITY[sdk=iphoneos*]" = "iPhone Developer";
				FRAMEWORK_SEARCH_PATHS = (
					"$(inherited)",
					"$(PROJECT_DIR)/ZMWCustomView",
					"$(PROJECT_DIR)/ZMWCustomView/Utils",
				);
				INFOPLIST_FILE = ZMWCustomView/Info.plist;
				IPHONEOS_DEPLOYMENT_TARGET = 7.0;
				LD_RUNPATH_SEARCH_PATHS = "$(inherited) @executable_path/Frameworks";
				PRODUCT_BUNDLE_IDENTIFIER = com.ZMWCustomView;
				PRODUCT_NAME = "$(TARGET_NAME)";
				PROVISIONING_PROFILE = "";
			};
			name = Debug;
		};
		B2F987DA1D1D75A3005D60C5 /* Release */ = {
			isa = XCBuildConfiguration;
			baseConfigurationReference = 6786BDE48FB0EC4EA4C4183A /* Pods-ZMWCustomView.release.xcconfig */;
			buildSettings = {
				ASSETCATALOG_COMPILER_APPICON_NAME = AppIcon;
				ASSETCATALOG_COMPILER_LAUNCHIMAGE_NAME = LaunchImage;
				CODE_SIGN_IDENTITY = "iPhone Developer";
				"CODE_SIGN_IDENTITY[sdk=iphoneos*]" = "iPhone Developer";
				FRAMEWORK_SEARCH_PATHS = (
					"$(inherited)",
					"$(PROJECT_DIR)/ZMWCustomView",
					"$(PROJECT_DIR)/ZMWCustomView/Utils",
				);
				INFOPLIST_FILE = ZMWCustomView/Info.plist;
				IPHONEOS_DEPLOYMENT_TARGET = 7.0;
				LD_RUNPATH_SEARCH_PATHS = "$(inherited) @executable_path/Frameworks";
				PRODUCT_BUNDLE_IDENTIFIER = com.ZMWCustomView;
				PRODUCT_NAME = "$(TARGET_NAME)";
				PROVISIONING_PROFILE = "";
			};
			name = Release;
		};
/* End XCBuildConfiguration section */

/* Begin XCConfigurationList section */
		B2F987BC1D1D75A2005D60C5 /* Build configuration list for PBXProject "ZMWCustomView" */ = {
			isa = XCConfigurationList;
			buildConfigurations = (
				B2F987D61D1D75A2005D60C5 /* Debug */,
				B2F987D71D1D75A2005D60C5 /* Release */,
			);
			defaultConfigurationIsVisible = 0;
			defaultConfigurationName = Release;
		};
		B2F987D81D1D75A3005D60C5 /* Build configuration list for PBXNativeTarget "ZMWCustomView" */ = {
			isa = XCConfigurationList;
			buildConfigurations = (
				B2F987D91D1D75A3005D60C5 /* Debug */,
				B2F987DA1D1D75A3005D60C5 /* Release */,
			);
			defaultConfigurationIsVisible = 0;
			defaultConfigurationName = Release;
		};
/* End XCConfigurationList section */
	};
	rootObject = B2F987B91D1D75A2005D60C5 /* Project object */;
}
