// !$*UTF8*$!
{
	archiveVersion = 1;
	classes = {
	};
	objectVersion = 46;
	objects = {

/* Begin PBXBuildFile section */
		4FBD4FEB1778D0EC1252CAA8 /* libPods.a in Frameworks */ = {isa = PBXBuildFile; fileRef = 622A8519771C8575793A2F44 /* libPods.a */; };
		B227662C1D27473E00F1C683 /* Mapbox.framework in Embed Frameworks */ = {isa = PBXBuildFile; fileRef = FF01787C1D267C15002E400E /* Mapbox.framework */; settings = {ATTRIBUTES = (CodeSignOnCopy, RemoveHeadersOnCopy, ); }; };
		B29BD0DE1D2762BF00675B92 /* Mapbox.framework in Frameworks */ = {isa = PBXBuildFile; fileRef = B29BD0DD1D2762BF00675B92 /* Mapbox.framework */; };
		B2F987C61D1D75A2005D60C5 /* main.m in Sources */ = {isa = PBXBuildFile; fileRef = B2F987C51D1D75A2005D60C5 /* main.m */; };
		B2F987C91D1D75A2005D60C5 /* AppDelegate.m in Sources */ = {isa = PBXBuildFile; fileRef = B2F987C81D1D75A2005D60C5 /* AppDelegate.m */; };
		B2F987D11D1D75A2005D60C5 /* Assets.xcassets in Resources */ = {isa = PBXBuildFile; fileRef = B2F987D01D1D75A2005D60C5 /* Assets.xcassets */; };
		B2F987DE1D1D7714005D60C5 /* BaseViewController.m in Sources */ = {isa = PBXBuildFile; fileRef = B2F987DD1D1D7714005D60C5 /* BaseViewController.m */; };
		B2F987E21D1D7895005D60C5 /* Tooles.m in Sources */ = {isa = PBXBuildFile; fileRef = B2F987E11D1D7895005D60C5 /* Tooles.m */; };
		B2F987E91D1D78D1005D60C5 /* UIColor+IOSUtils.m in Sources */ = {isa = PBXBuildFile; fileRef = B2F987E41D1D78D1005D60C5 /* UIColor+IOSUtils.m */; };
		B2F987EA1D1D78D1005D60C5 /* UIImage+IOSUtils.m in Sources */ = {isa = PBXBuildFile; fileRef = B2F987E61D1D78D1005D60C5 /* UIImage+IOSUtils.m */; };
		B2F987EB1D1D78D1005D60C5 /* UIView+Utils.m in Sources */ = {isa = PBXBuildFile; fileRef = B2F987E81D1D78D1005D60C5 /* UIView+Utils.m */; };
		B2F987F21D1D7902005D60C5 /* DJLabel.m in Sources */ = {isa = PBXBuildFile; fileRef = B2F987ED1D1D7902005D60C5 /* DJLabel.m */; };
		B2F987F31D1D7902005D60C5 /* DJTextField.m in Sources */ = {isa = PBXBuildFile; fileRef = B2F987EF1D1D7902005D60C5 /* DJTextField.m */; };
		B2F987F41D1D7902005D60C5 /* EmptyView.m in Sources */ = {isa = PBXBuildFile; fileRef = B2F987F11D1D7902005D60C5 /* EmptyView.m */; };
		B2F987FD1D1D795C005D60C5 /* BKTextView.m in Sources */ = {isa = PBXBuildFile; fileRef = B2F987FC1D1D795C005D60C5 /* BKTextView.m */; };
		B2F988031D1D799E005D60C5 /* NSString+IOSUtils.m in Sources */ = {isa = PBXBuildFile; fileRef = B2F988021D1D799E005D60C5 /* NSString+IOSUtils.m */; };
		B2F9880B1D1EA9F4005D60C5 /* HomeCell.m in Sources */ = {isa = PBXBuildFile; fileRef = B2F9880A1D1EA9F4005D60C5 /* HomeCell.m */; };
		B2F9880E1D1F5E2E005D60C5 /* ToolesDemoViewController.m in Sources */ = {isa = PBXBuildFile; fileRef = B2F9880D1D1F5E2E005D60C5 /* ToolesDemoViewController.m */; };
		B2F988131D1F9A04005D60C5 /* AllShareView.m in Sources */ = {isa = PBXBuildFile; fileRef = B2F988121D1F9A04005D60C5 /* AllShareView.m */; };
		B2F988171D1F9A67005D60C5 /* AllShareViewController.m in Sources */ = {isa = PBXBuildFile; fileRef = B2F988161D1F9A67005D60C5 /* AllShareViewController.m */; };
		B2F9881B1D1F9C1A005D60C5 /* ProgressHUD.bundle in Resources */ = {isa = PBXBuildFile; fileRef = B2F988181D1F9C1A005D60C5 /* ProgressHUD.bundle */; };
		B2F9881C1D1F9C1A005D60C5 /* ProgressHUD.m in Sources */ = {isa = PBXBuildFile; fileRef = B2F9881A1D1F9C1A005D60C5 /* ProgressHUD.m */; };
		FF45326F1D26667E00B308DD /* MapKit.framework in Frameworks */ = {isa = PBXBuildFile; fileRef = FF45326E1D26667E00B308DD /* MapKit.framework */; };
		FF4532711D26668D00B308DD /* CoreLocation.framework in Frameworks */ = {isa = PBXBuildFile; fileRef = FF4532701D26668D00B308DD /* CoreLocation.framework */; };
		FFBB9FFC1D220FB200901871 /* HomeViewController.m in Sources */ = {isa = PBXBuildFile; fileRef = FFBB9FFB1D220FB200901871 /* HomeViewController.m */; };
		FFBB9FFF1D24AB6800901871 /* LabelButtonView.m in Sources */ = {isa = PBXBuildFile; fileRef = FFBB9FFE1D24AB6800901871 /* LabelButtonView.m */; };
		FFBBA0021D24B5EF00901871 /* LabelButtonViewController.m in Sources */ = {isa = PBXBuildFile; fileRef = FFBBA0011D24B5EF00901871 /* LabelButtonViewController.m */; };
/* End PBXBuildFile section */

/* Begin PBXCopyFilesBuildPhase section */
		FF45326D1D26664700B308DD /* Embed Frameworks */ = {
			isa = PBXCopyFilesBuildPhase;
			buildActionMask = 2147483647;
			dstPath = "";
			dstSubfolderSpec = 10;
			files = (
				B227662C1D27473E00F1C683 /* Mapbox.framework in Embed Frameworks */,
			);
			name = "Embed Frameworks";
			runOnlyForDeploymentPostprocessing = 0;
		};
/* End PBXCopyFilesBuildPhase section */

/* Begin PBXFileReference section */
		1C0BED32EA98CD83052A4169 /* Pods.debug.xcconfig */ = {isa = PBXFileReference; includeInIndex = 1; lastKnownFileType = text.xcconfig; name = Pods.debug.xcconfig; path = "Pods/Target Support Files/Pods/Pods.debug.xcconfig"; sourceTree = "<group>"; };
		47BB2574F7C3BD69D350E4D6 /* Pods.release.xcconfig */ = {isa = PBXFileReference; includeInIndex = 1; lastKnownFileType = text.xcconfig; name = Pods.release.xcconfig; path = "Pods/Target Support Files/Pods/Pods.release.xcconfig"; sourceTree = "<group>"; };
		622A8519771C8575793A2F44 /* libPods.a */ = {isa = PBXFileReference; explicitFileType = archive.ar; includeInIndex = 0; path = libPods.a; sourceTree = BUILT_PRODUCTS_DIR; };
		B29BD0DD1D2762BF00675B92 /* Mapbox.framework */ = {isa = PBXFileReference; lastKnownFileType = wrapper.framework; path = Mapbox.framework; sourceTree = "<group>"; };
		B2F987C11D1D75A2005D60C5 /* ZMWCustomView.app */ = {isa = PBXFileReference; explicitFileType = wrapper.application; includeInIndex = 0; path = ZMWCustomView.app; sourceTree = BUILT_PRODUCTS_DIR; };
		B2F987C51D1D75A2005D60C5 /* main.m */ = {isa = PBXFileReference; lastKnownFileType = sourcecode.c.objc; path = main.m; sourceTree = "<group>"; };
		B2F987C71D1D75A2005D60C5 /* AppDelegate.h */ = {isa = PBXFileReference; lastKnownFileType = sourcecode.c.h; path = AppDelegate.h; sourceTree = "<group>"; };
		B2F987C81D1D75A2005D60C5 /* AppDelegate.m */ = {isa = PBXFileReference; lastKnownFileType = sourcecode.c.objc; path = AppDelegate.m; sourceTree = "<group>"; };
		B2F987D01D1D75A2005D60C5 /* Assets.xcassets */ = {isa = PBXFileReference; lastKnownFileType = folder.assetcatalog; path = Assets.xcassets; sourceTree = "<group>"; };
		B2F987D51D1D75A2005D60C5 /* Info.plist */ = {isa = PBXFileReference; lastKnownFileType = text.plist.xml; path = Info.plist; sourceTree = "<group>"; };
		B2F987DC1D1D7714005D60C5 /* BaseViewController.h */ = {isa = PBXFileReference; fileEncoding = 4; lastKnownFileType = sourcecode.c.h; name = BaseViewController.h; path = CustomViews/BaseViewController.h; sourceTree = "<group>"; };
		B2F987DD1D1D7714005D60C5 /* BaseViewController.m */ = {isa = PBXFileReference; fileEncoding = 4; lastKnownFileType = sourcecode.c.objc; name = BaseViewController.m; path = CustomViews/BaseViewController.m; sourceTree = "<group>"; };
		B2F987E01D1D7895005D60C5 /* Tooles.h */ = {isa = PBXFileReference; fileEncoding = 4; lastKnownFileType = sourcecode.c.h; path = Tooles.h; sourceTree = "<group>"; };
		B2F987E11D1D7895005D60C5 /* Tooles.m */ = {isa = PBXFileReference; fileEncoding = 4; lastKnownFileType = sourcecode.c.objc; path = Tooles.m; sourceTree = "<group>"; };
		B2F987E31D1D78D1005D60C5 /* UIColor+IOSUtils.h */ = {isa = PBXFileReference; fileEncoding = 4; lastKnownFileType = sourcecode.c.h; path = "UIColor+IOSUtils.h"; sourceTree = "<group>"; };
		B2F987E41D1D78D1005D60C5 /* UIColor+IOSUtils.m */ = {isa = PBXFileReference; fileEncoding = 4; lastKnownFileType = sourcecode.c.objc; path = "UIColor+IOSUtils.m"; sourceTree = "<group>"; };
		B2F987E51D1D78D1005D60C5 /* UIImage+IOSUtils.h */ = {isa = PBXFileReference; fileEncoding = 4; lastKnownFileType = sourcecode.c.h; path = "UIImage+IOSUtils.h"; sourceTree = "<group>"; };
		B2F987E61D1D78D1005D60C5 /* UIImage+IOSUtils.m */ = {isa = PBXFileReference; fileEncoding = 4; lastKnownFileType = sourcecode.c.objc; path = "UIImage+IOSUtils.m"; sourceTree = "<group>"; };
		B2F987E71D1D78D1005D60C5 /* UIView+Utils.h */ = {isa = PBXFileReference; fileEncoding = 4; lastKnownFileType = sourcecode.c.h; path = "UIView+Utils.h"; sourceTree = "<group>"; };
		B2F987E81D1D78D1005D60C5 /* UIView+Utils.m */ = {isa = PBXFileReference; fileEncoding = 4; lastKnownFileType = sourcecode.c.objc; path = "UIView+Utils.m"; sourceTree = "<group>"; };
		B2F987EC1D1D7902005D60C5 /* DJLabel.h */ = {isa = PBXFileReference; fileEncoding = 4; lastKnownFileType = sourcecode.c.h; name = DJLabel.h; path = ../Utils/DJLabel.h; sourceTree = "<group>"; };
		B2F987ED1D1D7902005D60C5 /* DJLabel.m */ = {isa = PBXFileReference; fileEncoding = 4; lastKnownFileType = sourcecode.c.objc; name = DJLabel.m; path = ../Utils/DJLabel.m; sourceTree = "<group>"; };
		B2F987EE1D1D7902005D60C5 /* DJTextField.h */ = {isa = PBXFileReference; fileEncoding = 4; lastKnownFileType = sourcecode.c.h; name = DJTextField.h; path = ../Utils/DJTextField.h; sourceTree = "<group>"; };
		B2F987EF1D1D7902005D60C5 /* DJTextField.m */ = {isa = PBXFileReference; fileEncoding = 4; lastKnownFileType = sourcecode.c.objc; name = DJTextField.m; path = ../Utils/DJTextField.m; sourceTree = "<group>"; };
		B2F987F01D1D7902005D60C5 /* EmptyView.h */ = {isa = PBXFileReference; fileEncoding = 4; lastKnownFileType = sourcecode.c.h; name = EmptyView.h; path = ../Utils/EmptyView.h; sourceTree = "<group>"; };
		B2F987F11D1D7902005D60C5 /* EmptyView.m */ = {isa = PBXFileReference; fileEncoding = 4; lastKnownFileType = sourcecode.c.objc; name = EmptyView.m; path = ../Utils/EmptyView.m; sourceTree = "<group>"; };
		B2F987F51D1D7914005D60C5 /* IOSUtilsConfig.h */ = {isa = PBXFileReference; fileEncoding = 4; lastKnownFileType = sourcecode.c.h; path = IOSUtilsConfig.h; sourceTree = "<group>"; };
		B2F987FB1D1D795C005D60C5 /* BKTextView.h */ = {isa = PBXFileReference; fileEncoding = 4; lastKnownFileType = sourcecode.c.h; name = BKTextView.h; path = ../Utils/BKTextView.h; sourceTree = "<group>"; };
		B2F987FC1D1D795C005D60C5 /* BKTextView.m */ = {isa = PBXFileReference; fileEncoding = 4; lastKnownFileType = sourcecode.c.objc; name = BKTextView.m; path = ../Utils/BKTextView.m; sourceTree = "<group>"; };
		B2F988011D1D799E005D60C5 /* NSString+IOSUtils.h */ = {isa = PBXFileReference; fileEncoding = 4; lastKnownFileType = sourcecode.c.h; path = "NSString+IOSUtils.h"; sourceTree = "<group>"; };
		B2F988021D1D799E005D60C5 /* NSString+IOSUtils.m */ = {isa = PBXFileReference; fileEncoding = 4; lastKnownFileType = sourcecode.c.objc; path = "NSString+IOSUtils.m"; sourceTree = "<group>"; };
		B2F988091D1EA9F4005D60C5 /* HomeCell.h */ = {isa = PBXFileReference; fileEncoding = 4; lastKnownFileType = sourcecode.c.h; name = HomeCell.h; path = CustomViews/HomeCell.h; sourceTree = "<group>"; };
		B2F9880A1D1EA9F4005D60C5 /* HomeCell.m */ = {isa = PBXFileReference; fileEncoding = 4; lastKnownFileType = sourcecode.c.objc; name = HomeCell.m; path = CustomViews/HomeCell.m; sourceTree = "<group>"; };
		B2F9880C1D1F5E2E005D60C5 /* ToolesDemoViewController.h */ = {isa = PBXFileReference; fileEncoding = 4; lastKnownFileType = sourcecode.c.h; name = ToolesDemoViewController.h; path = ../CustomViews/ToolesDemoViewController.h; sourceTree = "<group>"; };
		B2F9880D1D1F5E2E005D60C5 /* ToolesDemoViewController.m */ = {isa = PBXFileReference; fileEncoding = 4; lastKnownFileType = sourcecode.c.objc; name = ToolesDemoViewController.m; path = ../CustomViews/ToolesDemoViewController.m; sourceTree = "<group>"; };
		B2F988111D1F9A04005D60C5 /* AllShareView.h */ = {isa = PBXFileReference; fileEncoding = 4; lastKnownFileType = sourcecode.c.h; path = AllShareView.h; sourceTree = "<group>"; };
		B2F988121D1F9A04005D60C5 /* AllShareView.m */ = {isa = PBXFileReference; fileEncoding = 4; lastKnownFileType = sourcecode.c.objc; path = AllShareView.m; sourceTree = "<group>"; };
		B2F988151D1F9A67005D60C5 /* AllShareViewController.h */ = {isa = PBXFileReference; fileEncoding = 4; lastKnownFileType = sourcecode.c.h; path = AllShareViewController.h; sourceTree = "<group>"; };
		B2F988161D1F9A67005D60C5 /* AllShareViewController.m */ = {isa = PBXFileReference; fileEncoding = 4; lastKnownFileType = sourcecode.c.objc; path = AllShareViewController.m; sourceTree = "<group>"; };
		B2F988181D1F9C1A005D60C5 /* ProgressHUD.bundle */ = {isa = PBXFileReference; lastKnownFileType = "wrapper.plug-in"; path = ProgressHUD.bundle; sourceTree = "<group>"; };
		B2F988191D1F9C1A005D60C5 /* ProgressHUD.h */ = {isa = PBXFileReference; fileEncoding = 4; lastKnownFileType = sourcecode.c.h; path = ProgressHUD.h; sourceTree = "<group>"; };
		B2F9881A1D1F9C1A005D60C5 /* ProgressHUD.m */ = {isa = PBXFileReference; fileEncoding = 4; lastKnownFileType = sourcecode.c.objc; path = ProgressHUD.m; sourceTree = "<group>"; };
		FF01787C1D267C15002E400E /* Mapbox.framework */ = {isa = PBXFileReference; lastKnownFileType = wrapper.framework; name = Mapbox.framework; path = "/Users/xiaoming/workspaces/ZMWCustomView/ZMWCustomView/MyFrameworks/mapbox 覆盖安装、点击崩溃都ok_v3.3.0/Mapbox.framework"; sourceTree = "<absolute>"; };
		FF45326E1D26667E00B308DD /* MapKit.framework */ = {isa = PBXFileReference; lastKnownFileType = wrapper.framework; name = MapKit.framework; path = System/Library/Frameworks/MapKit.framework; sourceTree = SDKROOT; };
		FF4532701D26668D00B308DD /* CoreLocation.framework */ = {isa = PBXFileReference; lastKnownFileType = wrapper.framework; name = CoreLocation.framework; path = System/Library/Frameworks/CoreLocation.framework; sourceTree = SDKROOT; };
		FFBB9FFA1D220FB200901871 /* HomeViewController.h */ = {isa = PBXFileReference; fileEncoding = 4; lastKnownFileType = sourcecode.c.h; path = HomeViewController.h; sourceTree = "<group>"; };
		FFBB9FFB1D220FB200901871 /* HomeViewController.m */ = {isa = PBXFileReference; fileEncoding = 4; lastKnownFileType = sourcecode.c.objc; path = HomeViewController.m; sourceTree = "<group>"; };
		FFBB9FFD1D24AB6800901871 /* LabelButtonView.h */ = {isa = PBXFileReference; fileEncoding = 4; lastKnownFileType = sourcecode.c.h; path = LabelButtonView.h; sourceTree = "<group>"; };
		FFBB9FFE1D24AB6800901871 /* LabelButtonView.m */ = {isa = PBXFileReference; fileEncoding = 4; lastKnownFileType = sourcecode.c.objc; path = LabelButtonView.m; sourceTree = "<group>"; };
		FFBBA0001D24B5EF00901871 /* LabelButtonViewController.h */ = {isa = PBXFileReference; fileEncoding = 4; lastKnownFileType = sourcecode.c.h; path = LabelButtonViewController.h; sourceTree = "<group>"; };
		FFBBA0011D24B5EF00901871 /* LabelButtonViewController.m */ = {isa = PBXFileReference; fileEncoding = 4; lastKnownFileType = sourcecode.c.objc; path = LabelButtonViewController.m; sourceTree = "<group>"; };
/* End PBXFileReference section */

/* Begin PBXFrameworksBuildPhase section */
		B2F987BE1D1D75A2005D60C5 /* Frameworks */ = {
			isa = PBXFrameworksBuildPhase;
			buildActionMask = 2147483647;
			files = (
				FF4532711D26668D00B308DD /* CoreLocation.framework in Frameworks */,
				FF45326F1D26667E00B308DD /* MapKit.framework in Frameworks */,
				4FBD4FEB1778D0EC1252CAA8 /* libPods.a in Frameworks */,
				B29BD0DE1D2762BF00675B92 /* Mapbox.framework in Frameworks */,
			);
			runOnlyForDeploymentPostprocessing = 0;
		};
/* End PBXFrameworksBuildPhase section */

/* Begin PBXGroup section */
		0A12C34F66006350B40EF2E6 /* Pods */ = {
			isa = PBXGroup;
			children = (
				1C0BED32EA98CD83052A4169 /* Pods.debug.xcconfig */,
				47BB2574F7C3BD69D350E4D6 /* Pods.release.xcconfig */,
			);
			name = Pods;
			sourceTree = "<group>";
		};
		1E17C5562343401DC7FD5955 /* Frameworks */ = {
			isa = PBXGroup;
			children = (
				FF4532701D26668D00B308DD /* CoreLocation.framework */,
				FF45326E1D26667E00B308DD /* MapKit.framework */,
				622A8519771C8575793A2F44 /* libPods.a */,
			);
			name = Frameworks;
			sourceTree = "<group>";
		};
		B2F987B81D1D75A2005D60C5 = {
			isa = PBXGroup;
			children = (
				B2F987C31D1D75A2005D60C5 /* ZMWCustomView */,
				B2F987C21D1D75A2005D60C5 /* Products */,
				0A12C34F66006350B40EF2E6 /* Pods */,
				1E17C5562343401DC7FD5955 /* Frameworks */,
			);
			sourceTree = "<group>";
		};
		B2F987C21D1D75A2005D60C5 /* Products */ = {
			isa = PBXGroup;
			children = (
				B2F987C11D1D75A2005D60C5 /* ZMWCustomView.app */,
			);
			name = Products;
			sourceTree = "<group>";
		};
		B2F987C31D1D75A2005D60C5 /* ZMWCustomView */ = {
			isa = PBXGroup;
			children = (
				B2F987C71D1D75A2005D60C5 /* AppDelegate.h */,
				B2F987C81D1D75A2005D60C5 /* AppDelegate.m */,
				B2F987DC1D1D7714005D60C5 /* BaseViewController.h */,
				B2F987DD1D1D7714005D60C5 /* BaseViewController.m */,
				B2F988091D1EA9F4005D60C5 /* HomeCell.h */,
				FFBB9FFA1D220FB200901871 /* HomeViewController.h */,
				FFBB9FFB1D220FB200901871 /* HomeViewController.m */,
				B2F9880A1D1EA9F4005D60C5 /* HomeCell.m */,
				FF01787A1D267C15002E400E /* MyFrameworks */,
				B2F988141D1F9A39005D60C5 /* CustomViewController */,
				B2F987DB1D1D764C005D60C5 /* CustomViews */,
				B2F987DF1D1D786C005D60C5 /* Utils */,
				B2F987C41D1D75A2005D60C5 /* Supporting Files */,
			);
			path = ZMWCustomView;
			sourceTree = "<group>";
		};
		B2F987C41D1D75A2005D60C5 /* Supporting Files */ = {
			isa = PBXGroup;
			children = (
				B2F987C51D1D75A2005D60C5 /* main.m */,
				B2F987D51D1D75A2005D60C5 /* Info.plist */,
				B2F987D01D1D75A2005D60C5 /* Assets.xcassets */,
			);
			name = "Supporting Files";
			sourceTree = "<group>";
		};
		B2F987DB1D1D764C005D60C5 /* CustomViews */ = {
			isa = PBXGroup;
			children = (
				B2F987FB1D1D795C005D60C5 /* BKTextView.h */,
				B2F987FC1D1D795C005D60C5 /* BKTextView.m */,
				B2F987EC1D1D7902005D60C5 /* DJLabel.h */,
				B2F987ED1D1D7902005D60C5 /* DJLabel.m */,
				B2F987EE1D1D7902005D60C5 /* DJTextField.h */,
				B2F987EF1D1D7902005D60C5 /* DJTextField.m */,
				B2F987F01D1D7902005D60C5 /* EmptyView.h */,
				B2F987F11D1D7902005D60C5 /* EmptyView.m */,
				B2F988181D1F9C1A005D60C5 /* ProgressHUD.bundle */,
				B2F988191D1F9C1A005D60C5 /* ProgressHUD.h */,
				B2F9881A1D1F9C1A005D60C5 /* ProgressHUD.m */,
				B2F988111D1F9A04005D60C5 /* AllShareView.h */,
				B2F988121D1F9A04005D60C5 /* AllShareView.m */,
				FFBB9FFD1D24AB6800901871 /* LabelButtonView.h */,
				FFBB9FFE1D24AB6800901871 /* LabelButtonView.m */,
			);
			path = CustomViews;
			sourceTree = "<group>";
		};
		B2F987DF1D1D786C005D60C5 /* Utils */ = {
			isa = PBXGroup;
			children = (
				B2F987F51D1D7914005D60C5 /* IOSUtilsConfig.h */,
				B2F987E01D1D7895005D60C5 /* Tooles.h */,
				B2F987E11D1D7895005D60C5 /* Tooles.m */,
				B2F987E31D1D78D1005D60C5 /* UIColor+IOSUtils.h */,
				B2F987E41D1D78D1005D60C5 /* UIColor+IOSUtils.m */,
				B2F987E51D1D78D1005D60C5 /* UIImage+IOSUtils.h */,
				B2F987E61D1D78D1005D60C5 /* UIImage+IOSUtils.m */,
				B2F987E71D1D78D1005D60C5 /* UIView+Utils.h */,
				B2F987E81D1D78D1005D60C5 /* UIView+Utils.m */,
				B2F988011D1D799E005D60C5 /* NSString+IOSUtils.h */,
				B2F988021D1D799E005D60C5 /* NSString+IOSUtils.m */,
			);
			path = Utils;
			sourceTree = "<group>";
		};
		B2F988141D1F9A39005D60C5 /* CustomViewController */ = {
			isa = PBXGroup;
			children = (
				B2F9880C1D1F5E2E005D60C5 /* ToolesDemoViewController.h */,
				B2F9880D1D1F5E2E005D60C5 /* ToolesDemoViewController.m */,
				B2F988151D1F9A67005D60C5 /* AllShareViewController.h */,
				B2F988161D1F9A67005D60C5 /* AllShareViewController.m */,
				FFBBA0001D24B5EF00901871 /* LabelButtonViewController.h */,
				FFBBA0011D24B5EF00901871 /* LabelButtonViewController.m */,
			);
			path = CustomViewController;
			sourceTree = "<group>";
		};
		FF01787A1D267C15002E400E /* MyFrameworks */ = {
			isa = PBXGroup;
			children = (
				FF01787B1D267C15002E400E /* mapbox 覆盖安装、点击崩溃都ok_v3.3.0 */,
			);
			path = MyFrameworks;
			sourceTree = "<group>";
		};
		FF01787B1D267C15002E400E /* mapbox 覆盖安装、点击崩溃都ok_v3.3.0 */ = {
			isa = PBXGroup;
			children = (
				B29BD0DD1D2762BF00675B92 /* Mapbox.framework */,
			);
			path = "mapbox 覆盖安装、点击崩溃都ok_v3.3.0";
			sourceTree = "<group>";
		};
/* End PBXGroup section */

/* Begin PBXNativeTarget section */
		B2F987C01D1D75A2005D60C5 /* ZMWCustomView */ = {
			isa = PBXNativeTarget;
			buildConfigurationList = B2F987D81D1D75A3005D60C5 /* Build configuration list for PBXNativeTarget "ZMWCustomView" */;
			buildPhases = (
				536784A291EB955E76B362B3 /* Check Pods Manifest.lock */,
				B2F987BD1D1D75A2005D60C5 /* Sources */,
				B2F987BE1D1D75A2005D60C5 /* Frameworks */,
				B2F987BF1D1D75A2005D60C5 /* Resources */,
				E627BB6B10CD6931F8FBE677 /* Embed Pods Frameworks */,
				A68D2D8A930621865AB1C6AF /* Copy Pods Resources */,
				FF45326D1D26664700B308DD /* Embed Frameworks */,
			);
			buildRules = (
			);
			dependencies = (
			);
			name = ZMWCustomView;
			productName = ZMWCustomView;
			productReference = B2F987C11D1D75A2005D60C5 /* ZMWCustomView.app */;
			productType = "com.apple.product-type.application";
		};
/* End PBXNativeTarget section */

/* Begin PBXProject section */
		B2F987B91D1D75A2005D60C5 /* Project object */ = {
			isa = PBXProject;
			attributes = {
				LastUpgradeCheck = 0730;
				ORGANIZATIONNAME = shandandan;
				TargetAttributes = {
					B2F987C01D1D75A2005D60C5 = {
						CreatedOnToolsVersion = 7.3;
						DevelopmentTeam = ZSJKLZ2359;
					};
				};
			};
			buildConfigurationList = B2F987BC1D1D75A2005D60C5 /* Build configuration list for PBXProject "ZMWCustomView" */;
			compatibilityVersion = "Xcode 3.2";
			developmentRegion = English;
			hasScannedForEncodings = 0;
			knownRegions = (
				en,
				Base,
			);
			mainGroup = B2F987B81D1D75A2005D60C5;
			productRefGroup = B2F987C21D1D75A2005D60C5 /* Products */;
			projectDirPath = "";
			projectRoot = "";
			targets = (
				B2F987C01D1D75A2005D60C5 /* ZMWCustomView */,
			);
		};
/* End PBXProject section */

/* Begin PBXResourcesBuildPhase section */
		B2F987BF1D1D75A2005D60C5 /* Resources */ = {
			isa = PBXResourcesBuildPhase;
			buildActionMask = 2147483647;
			files = (
				B2F9881B1D1F9C1A005D60C5 /* ProgressHUD.bundle in Resources */,
				B2F987D11D1D75A2005D60C5 /* Assets.xcassets in Resources */,
			);
			runOnlyForDeploymentPostprocessing = 0;
		};
/* End PBXResourcesBuildPhase section */

/* Begin PBXShellScriptBuildPhase section */
		536784A291EB955E76B362B3 /* Check Pods Manifest.lock */ = {
			isa = PBXShellScriptBuildPhase;
			buildActionMask = 2147483647;
			files = (
			);
			inputPaths = (
			);
			name = "Check Pods Manifest.lock";
			outputPaths = (
			);
			runOnlyForDeploymentPostprocessing = 0;
			shellPath = /bin/sh;
			shellScript = "diff \"${PODS_ROOT}/../Podfile.lock\" \"${PODS_ROOT}/Manifest.lock\" > /dev/null\nif [[ $? != 0 ]] ; then\n    cat << EOM\nerror: The sandbox is not in sync with the Podfile.lock. Run 'pod install' or update your CocoaPods installation.\nEOM\n    exit 1\nfi\n";
			showEnvVarsInLog = 0;
		};
		A68D2D8A930621865AB1C6AF /* Copy Pods Resources */ = {
			isa = PBXShellScriptBuildPhase;
			buildActionMask = 2147483647;
			files = (
			);
			inputPaths = (
			);
			name = "Copy Pods Resources";
			outputPaths = (
			);
			runOnlyForDeploymentPostprocessing = 0;
			shellPath = /bin/sh;
			shellScript = "\"${SRCROOT}/Pods/Target Support Files/Pods/Pods-resources.sh\"\n";
			showEnvVarsInLog = 0;
		};
		E627BB6B10CD6931F8FBE677 /* Embed Pods Frameworks */ = {
			isa = PBXShellScriptBuildPhase;
			buildActionMask = 2147483647;
			files = (
			);
			inputPaths = (
			);
			name = "Embed Pods Frameworks";
			outputPaths = (
			);
			runOnlyForDeploymentPostprocessing = 0;
			shellPath = /bin/sh;
			shellScript = "\"${SRCROOT}/Pods/Target Support Files/Pods/Pods-frameworks.sh\"\n";
			showEnvVarsInLog = 0;
		};
/* End PBXShellScriptBuildPhase section */

/* Begin PBXSourcesBuildPhase section */
		B2F987BD1D1D75A2005D60C5 /* Sources */ = {
			isa = PBXSourcesBuildPhase;
			buildActionMask = 2147483647;
			files = (
				B2F9881C1D1F9C1A005D60C5 /* ProgressHUD.m in Sources */,
				B2F988131D1F9A04005D60C5 /* AllShareView.m in Sources */,
				B2F987F31D1D7902005D60C5 /* DJTextField.m in Sources */,
				B2F987C91D1D75A2005D60C5 /* AppDelegate.m in Sources */,
				B2F987EB1D1D78D1005D60C5 /* UIView+Utils.m in Sources */,
				FFBB9FFC1D220FB200901871 /* HomeViewController.m in Sources */,
				FFBB9FFF1D24AB6800901871 /* LabelButtonView.m in Sources */,
				B2F987F21D1D7902005D60C5 /* DJLabel.m in Sources */,
				B2F987F41D1D7902005D60C5 /* EmptyView.m in Sources */,
				B2F9880B1D1EA9F4005D60C5 /* HomeCell.m in Sources */,
				B2F987EA1D1D78D1005D60C5 /* UIImage+IOSUtils.m in Sources */,
				B2F987E21D1D7895005D60C5 /* Tooles.m in Sources */,
				B2F987FD1D1D795C005D60C5 /* BKTextView.m in Sources */,
				B2F987E91D1D78D1005D60C5 /* UIColor+IOSUtils.m in Sources */,
				B2F987DE1D1D7714005D60C5 /* BaseViewController.m in Sources */,
				B2F987C61D1D75A2005D60C5 /* main.m in Sources */,
				B2F988171D1F9A67005D60C5 /* AllShareViewController.m in Sources */,
				FFBBA0021D24B5EF00901871 /* LabelButtonViewController.m in Sources */,
				B2F988031D1D799E005D60C5 /* NSString+IOSUtils.m in Sources */,
				B2F9880E1D1F5E2E005D60C5 /* ToolesDemoViewController.m in Sources */,
			);
			runOnlyForDeploymentPostprocessing = 0;
		};
/* End PBXSourcesBuildPhase section */

/* Begin XCBuildConfiguration section */
		B2F987D61D1D75A2005D60C5 /* Debug */ = {
			isa = XCBuildConfiguration;
			buildSettings = {
				ALWAYS_SEARCH_USER_PATHS = NO;
				CLANG_ANALYZER_NONNULL = YES;
				CLANG_CXX_LANGUAGE_STANDARD = "gnu++0x";
				CLANG_CXX_LIBRARY = "libc++";
				CLANG_ENABLE_MODULES = YES;
				CLANG_ENABLE_OBJC_ARC = YES;
				CLANG_WARN_BOOL_CONVERSION = YES;
				CLANG_WARN_CONSTANT_CONVERSION = YES;
				CLANG_WARN_DIRECT_OBJC_ISA_USAGE = YES_ERROR;
				CLANG_WARN_EMPTY_BODY = YES;
				CLANG_WARN_ENUM_CONVERSION = YES;
				CLANG_WARN_INT_CONVERSION = YES;
				CLANG_WARN_OBJC_ROOT_CLASS = YES_ERROR;
				CLANG_WARN_UNREACHABLE_CODE = YES;
				CLANG_WARN__DUPLICATE_METHOD_MATCH = YES;
				"CODE_SIGN_IDENTITY[sdk=iphoneos*]" = "iPhone Developer";
				COPY_PHASE_STRIP = NO;
				DEBUG_INFORMATION_FORMAT = dwarf;
				ENABLE_STRICT_OBJC_MSGSEND = YES;
				ENABLE_TESTABILITY = YES;
				GCC_C_LANGUAGE_STANDARD = gnu99;
				GCC_DYNAMIC_NO_PIC = NO;
				GCC_NO_COMMON_BLOCKS = YES;
				GCC_OPTIMIZATION_LEVEL = 0;
				GCC_PREPROCESSOR_DEFINITIONS = (
					"DEBUG=1",
					"$(inherited)",
				);
				GCC_WARN_64_TO_32_BIT_CONVERSION = YES;
				GCC_WARN_ABOUT_RETURN_TYPE = YES_ERROR;
				GCC_WARN_UNDECLARED_SELECTOR = YES;
				GCC_WARN_UNINITIALIZED_AUTOS = YES_AGGRESSIVE;
				GCC_WARN_UNUSED_FUNCTION = YES;
				GCC_WARN_UNUSED_VARIABLE = YES;
				IPHONEOS_DEPLOYMENT_TARGET = 8.0;
				MTL_ENABLE_DEBUG_INFO = YES;
				ONLY_ACTIVE_ARCH = YES;
				SDKROOT = iphoneos;
			};
			name = Debug;
		};
		B2F987D71D1D75A2005D60C5 /* Release */ = {
			isa = XCBuildConfiguration;
			buildSettings = {
				ALWAYS_SEARCH_USER_PATHS = NO;
				CLANG_ANALYZER_NONNULL = YES;
				CLANG_CXX_LANGUAGE_STANDARD = "gnu++0x";
				CLANG_CXX_LIBRARY = "libc++";
				CLANG_ENABLE_MODULES = YES;
				CLANG_ENABLE_OBJC_ARC = YES;
				CLANG_WARN_BOOL_CONVERSION = YES;
				CLANG_WARN_CONSTANT_CONVERSION = YES;
				CLANG_WARN_DIRECT_OBJC_ISA_USAGE = YES_ERROR;
				CLANG_WARN_EMPTY_BODY = YES;
				CLANG_WARN_ENUM_CONVERSION = YES;
				CLANG_WARN_INT_CONVERSION = YES;
				CLANG_WARN_OBJC_ROOT_CLASS = YES_ERROR;
				CLANG_WARN_UNREACHABLE_CODE = YES;
				CLANG_WARN__DUPLICATE_METHOD_MATCH = YES;
				"CODE_SIGN_IDENTITY[sdk=iphoneos*]" = "iPhone Developer";
				COPY_PHASE_STRIP = NO;
				DEBUG_INFORMATION_FORMAT = "dwarf-with-dsym";
				ENABLE_NS_ASSERTIONS = NO;
				ENABLE_STRICT_OBJC_MSGSEND = YES;
				GCC_C_LANGUAGE_STANDARD = gnu99;
				GCC_NO_COMMON_BLOCKS = YES;
				GCC_WARN_64_TO_32_BIT_CONVERSION = YES;
				GCC_WARN_ABOUT_RETURN_TYPE = YES_ERROR;
				GCC_WARN_UNDECLARED_SELECTOR = YES;
				GCC_WARN_UNINITIALIZED_AUTOS = YES_AGGRESSIVE;
				GCC_WARN_UNUSED_FUNCTION = YES;
				GCC_WARN_UNUSED_VARIABLE = YES;
				IPHONEOS_DEPLOYMENT_TARGET = 8.0;
				MTL_ENABLE_DEBUG_INFO = NO;
				SDKROOT = iphoneos;
				VALIDATE_PRODUCT = YES;
			};
			name = Release;
		};
		B2F987D91D1D75A3005D60C5 /* Debug */ = {
			isa = XCBuildConfiguration;
			baseConfigurationReference = 1C0BED32EA98CD83052A4169 /* Pods.debug.xcconfig */;
			buildSettings = {
				ASSETCATALOG_COMPILER_APPICON_NAME = AppIcon;
				ASSETCATALOG_COMPILER_LAUNCHIMAGE_NAME = LaunchImage;
				CODE_SIGN_IDENTITY = "iPhone Developer";
				FRAMEWORK_SEARCH_PATHS = (
					"$(inherited)",
					"$(PROJECT_DIR)/ZMWCustomView",
					"$(PROJECT_DIR)/ZMWCustomView/Utils",
					"$(PROJECT_DIR)/ZMWCustomView/Utils/mapbox",
					"覆盖安装、点击崩溃都ok",
					"$(PROJECT_DIR)/ZMWCustomView/Frameworks/mapbox",
					"覆盖安装、点击崩溃都ok_v3.3.0",
					"$(PROJECT_DIR)/ZMWCustomView/MyFrameworks/mapbox",
					"覆盖安装、点击崩溃都ok_v3.3.0",
					"$(PROJECT_DIR)/ZMWCustomView/MyFrameworks/mapbox",
					"覆盖安装、点击崩溃都ok_v3.3.0",
					"$(PROJECT_DIR)/ZMWCustomView/MyFrameworks/mapbox",
					"覆盖安装、点击崩溃都ok_v3.3.0",
				);
				INFOPLIST_FILE = ZMWCustomView/Info.plist;
				IPHONEOS_DEPLOYMENT_TARGET = 8.0;
				LD_RUNPATH_SEARCH_PATHS = "$(inherited) @executable_path/Frameworks";
				PRODUCT_BUNDLE_IDENTIFIER = com.ZMWCustomView;
				PRODUCT_NAME = "$(TARGET_NAME)";
			};
			name = Debug;
		};
		B2F987DA1D1D75A3005D60C5 /* Release */ = {
			isa = XCBuildConfiguration;
			baseConfigurationReference = 47BB2574F7C3BD69D350E4D6 /* Pods.release.xcconfig */;
			buildSettings = {
				ASSETCATALOG_COMPILER_APPICON_NAME = AppIcon;
				ASSETCATALOG_COMPILER_LAUNCHIMAGE_NAME = LaunchImage;
				CODE_SIGN_IDENTITY = "iPhone Developer";
				FRAMEWORK_SEARCH_PATHS = (
					"$(inherited)",
					"$(PROJECT_DIR)/ZMWCustomView",
					"$(PROJECT_DIR)/ZMWCustomView/Utils",
					"$(PROJECT_DIR)/ZMWCustomView/Utils/mapbox",
					"覆盖安装、点击崩溃都ok",
					"$(PROJECT_DIR)/ZMWCustomView/Frameworks/mapbox",
					"覆盖安装、点击崩溃都ok_v3.3.0",
					"$(PROJECT_DIR)/ZMWCustomView/MyFrameworks/mapbox",
					"覆盖安装、点击崩溃都ok_v3.3.0",
					"$(PROJECT_DIR)/ZMWCustomView/MyFrameworks/mapbox",
					"覆盖安装、点击崩溃都ok_v3.3.0",
					"$(PROJECT_DIR)/ZMWCustomView/MyFrameworks/mapbox",
					"覆盖安装、点击崩溃都ok_v3.3.0",
				);
				INFOPLIST_FILE = ZMWCustomView/Info.plist;
				IPHONEOS_DEPLOYMENT_TARGET = 8.0;
				LD_RUNPATH_SEARCH_PATHS = "$(inherited) @executable_path/Frameworks";
				PRODUCT_BUNDLE_IDENTIFIER = com.ZMWCustomView;
				PRODUCT_NAME = "$(TARGET_NAME)";
			};
			name = Release;
		};
/* End XCBuildConfiguration section */

/* Begin XCConfigurationList section */
		B2F987BC1D1D75A2005D60C5 /* Build configuration list for PBXProject "ZMWCustomView" */ = {
			isa = XCConfigurationList;
			buildConfigurations = (
				B2F987D61D1D75A2005D60C5 /* Debug */,
				B2F987D71D1D75A2005D60C5 /* Release */,
			);
			defaultConfigurationIsVisible = 0;
			defaultConfigurationName = Release;
		};
		B2F987D81D1D75A3005D60C5 /* Build configuration list for PBXNativeTarget "ZMWCustomView" */ = {
			isa = XCConfigurationList;
			buildConfigurations = (
				B2F987D91D1D75A3005D60C5 /* Debug */,
				B2F987DA1D1D75A3005D60C5 /* Release */,
			);
			defaultConfigurationIsVisible = 0;
			defaultConfigurationName = Release;
		};
/* End XCConfigurationList section */
	};
	rootObject = B2F987B91D1D75A2005D60C5 /* Project object */;
}
